<?xml version="1.0" encoding="utf-8"?>
<Project xmlns="http://schemas.microsoft.com/developer/msbuild/2003">
  <PropertyGroup>
    <ProjectGuid>{cbd0a12b-854e-4e1b-9b7e-453c2dac7f75}</ProjectGuid>
    <MainSource>TesteMVC.dpr</MainSource>
    <Configuration Condition=" '$(Configuration)' == '' ">Debug</Configuration>
    <Platform Condition=" '$(Platform)' == '' ">AnyCPU</Platform>
    <DCC_DCCCompiler>DCC32</DCC_DCCCompiler>
    <DCC_DependencyCheckOutputName>TesteMVC.exe</DCC_DependencyCheckOutputName>
  </PropertyGroup>
  <PropertyGroup Condition=" '$(Configuration)|$(Platform)' == 'Release|AnyCPU' ">
    <Version>7.0</Version>
    <DCC_DebugInformation>False</DCC_DebugInformation>
    <DCC_LocalDebugSymbols>False</DCC_LocalDebugSymbols>
    <DCC_SymbolReferenceInfo>0</DCC_SymbolReferenceInfo>
    <DCC_Define>RELEASE</DCC_Define>
  </PropertyGroup>
  <PropertyGroup Condition=" '$(Configuration)|$(Platform)' == 'Debug|AnyCPU' ">
    <Version>7.0</Version>
    <DCC_Define>DEBUG</DCC_Define>
  </PropertyGroup>
  <ProjectExtensions>
    <Borland.Personality>Delphi.Personality</Borland.Personality>
    <Borland.ProjectType>VCLApplication</Borland.ProjectType>
    <BorlandProject>
<BorlandProject><Delphi.Personality><Parameters><Parameters Name="UseLauncher">False</Parameters><Parameters Name="LoadAllSymbols">True</Parameters><Parameters Name="LoadUnspecifiedSymbols">False</Parameters></Parameters><VersionInfo><VersionInfo Name="IncludeVerInfo">False</VersionInfo><VersionInfo Name="AutoIncBuild">False</VersionInfo><VersionInfo Name="MajorVer">1</VersionInfo><VersionInfo Name="MinorVer">0</VersionInfo><VersionInfo Name="Release">0</VersionInfo><VersionInfo Name="Build">0</VersionInfo><VersionInfo Name="Debug">False</VersionInfo><VersionInfo Name="PreRelease">False</VersionInfo><VersionInfo Name="Special">False</VersionInfo><VersionInfo Name="Private">False</VersionInfo><VersionInfo Name="DLL">False</VersionInfo><VersionInfo Name="Locale">1046</VersionInfo><VersionInfo Name="CodePage">1252</VersionInfo></VersionInfo><VersionInfoKeys><VersionInfoKeys Name="CompanyName"></VersionInfoKeys><VersionInfoKeys Name="FileDescription"></VersionInfoKeys><VersionInfoKeys Name="FileVersion">1.0.0.0</VersionInfoKeys><VersionInfoKeys Name="InternalName"></VersionInfoKeys><VersionInfoKeys Name="LegalCopyright"></VersionInfoKeys><VersionInfoKeys Name="LegalTrademarks"></VersionInfoKeys><VersionInfoKeys Name="OriginalFilename"></VersionInfoKeys><VersionInfoKeys Name="ProductName"></VersionInfoKeys><VersionInfoKeys Name="ProductVersion">1.0.0.0</VersionInfoKeys><VersionInfoKeys Name="Comments"></VersionInfoKeys></VersionInfoKeys><Excluded_Packages /><Source><Source Name="MainSource">TesteMVC.dpr</Source></Source></Delphi.Personality></BorlandProject></BorlandProject>
  </ProjectExtensions>
  <Import Project="$(MSBuildBinPath)\Borland.Delphi.Targets" />
  <ItemGroup>
    <DelphiCompile Include="TesteMVC.dpr">
      <MainSource>MainSource</MainSource>
    </DelphiCompile>
    <DCCReference Include="..\mvc\CadView.pas" />
    <DCCReference Include="..\mvc\DadosView.pas" />
    <DCCReference Include="..\mvc\MVCUtils.pas" />
    <DCCReference Include="..\mvc\uCadControle.pas">
      <Form>CadControle</Form>
      <DesignClass>TDataModule</DesignClass>
    </DCCReference>
    <DCCReference Include="..\mvc\uCadModelo.pas">
      <Form>CadModelo</Form>
      <DesignClass>TDataModule</DesignClass>
    </DCCReference>
    <DCCReference Include="..\mvc\uConBase.pas" />
    <DCCReference Include="..\MVC\uConexaoBase.pas">
      <Form>ConexaoBase</Form>
      <DesignClass>TDataModule</DesignClass>
    </DCCReference>
    <DCCReference Include="..\MVC\uConexaoDBX.pas">
      <Form>ConexaoDBX</Form>
      <DesignClass>TDataModule</DesignClass>
    </DCCReference>
    <DCCReference Include="..\mvc\uConexaoIBO.pas">
      <Form>ConexaoIBO</Form>
      <DesignClass>TDataModule</DesignClass>
    </DCCReference>
    <DCCReference Include="..\MVC\uControleBase.pas">
      <Form>ControleBase</Form>
      <DesignClass>TDataModule</DesignClass>
    </DCCReference>
    <DCCReference Include="..\MVC\uDadosControleBase.pas">
      <Form>DadosControleBase</Form>
      <DesignClass>TDataModule</DesignClass>
    </DCCReference>
    <DCCReference Include="..\MVC\uDadosModeloBase.pas">
      <Form>DadosModeloBase</Form>
      <DesignClass>TDataModule</DesignClass>
    </DCCReference>
    <DCCReference Include="..\mvc\uFormCadViewBase.pas">
      <Form>FormCadViewBase</Form>
    </DCCReference>
    <DCCReference Include="..\mvc\uFormViewBase.pas">
      <Form>FormViewBase</Form>
    </DCCReference>
    <DCCReference Include="..\mvc\uFuncoesSQL.pas" />
    <DCCReference Include="..\MVC\uModeloBase.pas">
      <Form>ModeloBase</Form>
      <DesignClass>TDataModule</DesignClass>
    </DCCReference>
    <DCCReference Include="..\MVC\uMVCInterfaces.pas" />
    <DCCReference Include="..\mvc\ViewBase.pas" />
    <DCCReference Include="u.pas">
      <Form>PedidoView2</Form>
    </DCCReference>
    <DCCReference Include="uCadControle.pas">
      <DesignClass>TDataModule</DesignClass>
      <Form>CadControle</Form>
    </DCCReference>
    <DCCReference Include="uCadModelo.pas">
      <DesignClass>TDataModule</DesignClass>
      <Form>CadModelo</Form>
    </DCCReference>
    <DCCReference Include="uCadPedido.pas">
      <Form>CadPedido</Form>
    </DCCReference>
    <DCCReference Include="uClienteControle.pas">
      <Form>ClienteControle</Form>
      <DesignClass>TDataModule</DesignClass>
    </DCCReference>
    <DCCReference Include="uClienteModelo.pas">
      <Form>ClienteModelo</Form>
      <DesignClass>TDataModule</DesignClass>
    </DCCReference>
    <DCCReference Include="uClienteView.pas">
      <Form>ClienteView</Form>
    </DCCReference>
    <DCCReference Include="uFormRelBase.pas">
      <Form>FormRelBase</Form>
    </DCCReference>
    <DCCReference Include="uFuncoesSQL.pas" />
    <DCCReference Include="uInterfacesTesteMVC.pas" />
    <DCCReference Include="UMain.pas">
      <Form>fMain</Form>
    </DCCReference>
    <DCCReference Include="uP.pas">
      <Form>PedidoView2</Form>
    </DCCReference>
    <DCCReference Include="uPe.pas">
      <Form>PedidoView2</Form>
    </DCCReference>
    <DCCReference Include="uPed.pas">
      <Form>PedidoView2</Form>
    </DCCReference>
    <DCCReference Include="uPedi.pas">
      <Form>PedidoView2</Form>
    </DCCReference>
    <DCCReference Include="uPedid.pas">
      <Form>PedidoView2</Form>
    </DCCReference>
    <DCCReference Include="uPedido.pas">
      <Form>PedidoView2</Form>
    </DCCReference>
    <DCCReference Include="uPedidoControle.pas">
      <Form>PedidoCtrl</Form>
      <DesignClass>TDataModule</DesignClass>
    </DCCReference>
    <DCCReference Include="uPedidoItemControle.pas">
      <Form>PedidoItemControle</Form>
      <DesignClass>TDataModule</DesignClass>
    </DCCReference>
    <DCCReference Include="uPedidoItemModelo.pas">
      <Form>PedidoItemModelo</Form>
      <DesignClass>TDataModule</DesignClass>
    </DCCReference>
    <DCCReference Include="uPedidoItemView.pas">
      <Form>PedidoItemView</Form>
    </DCCReference>
    <DCCReference Include="uPedidoModelo.pas">
      <Form>PedidoMD</Form>
      <DesignClass>TDataModule</DesignClass>
    </DCCReference>
    <DCCReference Include="uPedidoV.pas">
      <Form>PedidoView2</Form>
    </DCCReference>
    <DCCReference Include="uPedidoVi.pas">
      <Form>PedidoView2</Form>
    </DCCReference>
    <DCCReference Include="uPedidoVie.pas">
      <Form>PedidoView2</Form>
    </DCCReference>
    <DCCReference Include="uPedidoView.pas">
      <Form>PedidoView</Form>
    </DCCReference>
    <DCCReference Include="uProdutoControle.pas">
      <Form>ProdutoControle</Form>
      <DesignClass>TDataModule</DesignClass>
    </DCCReference>
    <DCCReference Include="uProdutoModelo.pas">
      <Form>ProdutoModelo</Form>
      <DesignClass>TDataModule</DesignClass>
    </DCCReference>
    <DCCReference Include="uProdutoView.pas">
      <Form>ProdutoView</Form>
    </DCCReference>
    <DCCReference Include="uSidControle.pas">
      <Form>SidControle</Form>
      <DesignClass>TDataModule</DesignClass>
    </DCCReference>
    <DCCReference Include="uSidListControle.pas">
      <Form>SidListControle</Form>
      <DesignClass>TDataModule</DesignClass>
    </DCCReference>
    <DCCReference Include="uSidListViewBase.pas">
      <Form>SidListViewBase</Form>
    </DCCReference>
    <DCCReference Include="uSidViewBase.pas">
      <Form>SidViewBase</Form>
    </DCCReference>
  </ItemGroup>
</Project>